
Microsoft Visual Studio Solution File, Format Version 12.00
# Visual Studio Version 17
VisualStudioVersion = 17.0.31919.166
MinimumVisualStudioVersion = 10.0.40219.1
Project("{8BC9CEB8-8B4A-11D0-8D11-00A0C91BC942}") = "SysRecycle", "Sysrecycle.vcxproj", "{53372B07-7496-43E3-9ECC-BDA50BDCFDCA}"
EndProject
Project("{54435603-DBB4-11D2-8724-00A0C9A8B90C}") = "SysRecycleSetup", "SysRecycleSetup\SysRecycleSetup.vdproj", "{80353401-1075-4FCF-AA7C-3C1E7DCE6A74}"
EndProject
Project("{C7167F0D-BC9F-4E6E-AFE1-012C56B48DB5}") = "SysRecyclePackagingProject", "SysRecyclePackagingProject\SysRecyclePackagingProject.wapproj", "{303414BD-1562-4736-9B7C-357C907C40B4}"
EndProject
Global
	GlobalSection(SolutionConfigurationPlatforms) = preSolution
		Debug|Any CPU = Debug|Any CPU
		Debug|ARM = Debug|ARM
		Debug|ARM64 = Debug|ARM64
		Debug|Win32 = Debug|Win32
		Debug|x64 = Debug|x64
		Release|Any CPU = Release|Any CPU
		Release|ARM = Release|ARM
		Release|ARM64 = Release|ARM64
		Release|Win32 = Release|Win32
		Release|x64 = Release|x64
	EndGlobalSection
	GlobalSection(ProjectConfigurationPlatforms) = postSolution
		{53372B07-7496-43E3-9ECC-BDA50BDCFDCA}.Debug|Any CPU.ActiveCfg = Debug|x64
		{53372B07-7496-43E3-9ECC-BDA50BDCFDCA}.Debug|Any CPU.Build.0 = Debug|x64
		{53372B07-7496-43E3-9ECC-BDA50BDCFDCA}.Debug|ARM.ActiveCfg = Debug|x64
		{53372B07-7496-43E3-9ECC-BDA50BDCFDCA}.Debug|ARM.Build.0 = Debug|x64
		{53372B07-7496-43E3-9ECC-BDA50BDCFDCA}.Debug|ARM64.ActiveCfg = Debug|x64
		{53372B07-7496-43E3-9ECC-BDA50BDCFDCA}.Debug|ARM64.Build.0 = Debug|x64
		{53372B07-7496-43E3-9ECC-BDA50BDCFDCA}.Debug|Win32.ActiveCfg = Debug|x64
		{53372B07-7496-43E3-9ECC-BDA50BDCFDCA}.Debug|x64.ActiveCfg = Debug|x64
		{53372B07-7496-43E3-9ECC-BDA50BDCFDCA}.Debug|x64.Build.0 = Debug|x64
		{53372B07-7496-43E3-9ECC-BDA50BDCFDCA}.Release|Any CPU.ActiveCfg = Release|x64
		{53372B07-7496-43E3-9ECC-BDA50BDCFDCA}.Release|Any CPU.Build.0 = Release|x64
		{53372B07-7496-43E3-9ECC-BDA50BDCFDCA}.Release|ARM.ActiveCfg = Release|x64
		{53372B07-7496-43E3-9ECC-BDA50BDCFDCA}.Release|ARM.Build.0 = Release|x64
		{53372B07-7496-43E3-9ECC-BDA50BDCFDCA}.Release|ARM64.ActiveCfg = Release|x64
		{53372B07-7496-43E3-9ECC-BDA50BDCFDCA}.Release|ARM64.Build.0 = Release|x64
		{53372B07-7496-43E3-9ECC-BDA50BDCFDCA}.Release|Win32.ActiveCfg = Release|x64
		{53372B07-7496-43E3-9ECC-BDA50BDCFDCA}.Release|x64.ActiveCfg = Release|x64
		{53372B07-7496-43E3-9ECC-BDA50BDCFDCA}.Release|x64.Build.0 = Release|x64
		{80353401-1075-4FCF-AA7C-3C1E7DCE6A74}.Debug|Any CPU.ActiveCfg = Debug
		{80353401-1075-4FCF-AA7C-3C1E7DCE6A74}.Debug|Any CPU.Build.0 = Debug
		{80353401-1075-4FCF-AA7C-3C1E7DCE6A74}.Debug|ARM.ActiveCfg = Debug
		{80353401-1075-4FCF-AA7C-3C1E7DCE6A74}.Debug|ARM.Build.0 = Debug
		{80353401-1075-4FCF-AA7C-3C1E7DCE6A74}.Debug|ARM64.ActiveCfg = Debug
		{80353401-1075-4FCF-AA7C-3C1E7DCE6A74}.Debug|ARM64.Build.0 = Debug
		{80353401-1075-4FCF-AA7C-3C1E7DCE6A74}.Debug|Win32.ActiveCfg = Debug
		{80353401-1075-4FCF-AA7C-3C1E7DCE6A74}.Debug|Win32.Build.0 = Debug
		{80353401-1075-4FCF-AA7C-3C1E7DCE6A74}.Debug|x64.ActiveCfg = Debug
		{80353401-1075-4FCF-AA7C-3C1E7DCE6A74}.Debug|x64.Build.0 = Debug
		{80353401-1075-4FCF-AA7C-3C1E7DCE6A74}.Release|Any CPU.ActiveCfg = Release
		{80353401-1075-4FCF-AA7C-3C1E7DCE6A74}.Release|Any CPU.Build.0 = Release
		{80353401-1075-4FCF-AA7C-3C1E7DCE6A74}.Release|ARM.ActiveCfg = Release
		{80353401-1075-4FCF-AA7C-3C1E7DCE6A74}.Release|ARM.Build.0 = Release
		{80353401-1075-4FCF-AA7C-3C1E7DCE6A74}.Release|ARM64.ActiveCfg = Release
		{80353401-1075-4FCF-AA7C-3C1E7DCE6A74}.Release|ARM64.Build.0 = Release
		{80353401-1075-4FCF-AA7C-3C1E7DCE6A74}.Release|Win32.ActiveCfg = Release
		{80353401-1075-4FCF-AA7C-3C1E7DCE6A74}.Release|Win32.Build.0 = Release
		{80353401-1075-4FCF-AA7C-3C1E7DCE6A74}.Release|x64.ActiveCfg = Release
		{80353401-1075-4FCF-AA7C-3C1E7DCE6A74}.Release|x64.Build.0 = Release
		{303414BD-1562-4736-9B7C-357C907C40B4}.Debug|Any CPU.ActiveCfg = Debug|Any CPU
		{303414BD-1562-4736-9B7C-357C907C40B4}.Debug|Any CPU.Build.0 = Debug|Any CPU
		{303414BD-1562-4736-9B7C-357C907C40B4}.Debug|Any CPU.Deploy.0 = Debug|Any CPU
		{303414BD-1562-4736-9B7C-357C907C40B4}.Debug|ARM.ActiveCfg = Debug|ARM
		{303414BD-1562-4736-9B7C-357C907C40B4}.Debug|ARM.Build.0 = Debug|ARM
		{303414BD-1562-4736-9B7C-357C907C40B4}.Debug|ARM.Deploy.0 = Debug|ARM
		{303414BD-1562-4736-9B7C-357C907C40B4}.Debug|ARM64.ActiveCfg = Debug|ARM64
		{303414BD-1562-4736-9B7C-357C907C40B4}.Debug|ARM64.Build.0 = Debug|ARM64
		{303414BD-1562-4736-9B7C-357C907C40B4}.Debug|ARM64.Deploy.0 = Debug|ARM64
		{303414BD-1562-4736-9B7C-357C907C40B4}.Debug|Win32.ActiveCfg = Debug|x86
		{303414BD-1562-4736-9B7C-357C907C40B4}.Debug|Win32.Build.0 = Debug|x86
		{303414BD-1562-4736-9B7C-357C907C40B4}.Debug|Win32.Deploy.0 = Debug|x86
		{303414BD-1562-4736-9B7C-357C907C40B4}.Debug|x64.ActiveCfg = Debug|x64
		{303414BD-1562-4736-9B7C-357C907C40B4}.Debug|x64.Build.0 = Debug|x64
		{303414BD-1562-4736-9B7C-357C907C40B4}.Debug|x64.Deploy.0 = Debug|x64
		{303414BD-1562-4736-9B7C-357C907C40B4}.Release|Any CPU.ActiveCfg = Release|Any CPU
		{303414BD-1562-4736-9B7C-357C907C40B4}.Release|Any CPU.Build.0 = Release|Any CPU
		{303414BD-1562-4736-9B7C-357C907C40B4}.Release|Any CPU.Deploy.0 = Release|Any CPU
		{303414BD-1562-4736-9B7C-357C907C40B4}.Release|ARM.ActiveCfg = Release|ARM
		{303414BD-1562-4736-9B7C-357C907C40B4}.Release|ARM.Build.0 = Release|ARM
		{303414BD-1562-4736-9B7C-357C907C40B4}.Release|ARM.Deploy.0 = Release|ARM
		{303414BD-1562-4736-9B7C-357C907C40B4}.Release|ARM64.ActiveCfg = Release|ARM64
		{303414BD-1562-4736-9B7C-357C907C40B4}.Release|ARM64.Build.0 = Release|ARM64
		{303414BD-1562-4736-9B7C-357C907C40B4}.Release|ARM64.Deploy.0 = Release|ARM64
		{303414BD-1562-4736-9B7C-357C907C40B4}.Release|Win32.ActiveCfg = Release|x86
		{303414BD-1562-4736-9B7C-357C907C40B4}.Release|Win32.Build.0 = Release|x86
		{303414BD-1562-4736-9B7C-357C907C40B4}.Release|Win32.Deploy.0 = Release|x86
		{303414BD-1562-4736-9B7C-357C907C40B4}.Release|x64.ActiveCfg = Release|x64
		{303414BD-1562-4736-9B7C-357C907C40B4}.Release|x64.Build.0 = Release|x64
		{303414BD-1562-4736-9B7C-357C907C40B4}.Release|x64.Deploy.0 = Release|x64
	EndGlobalSection
	GlobalSection(SolutionProperties) = preSolution
		HideSolutionNode = FALSE
	EndGlobalSection
	GlobalSection(ExtensibilityGlobals) = postSolution
		SolutionGuid = {3FCC08D6-88D7-40D7-A5C6-D66CDB2047A4}
	EndGlobalSection
EndGlobal
